
Microsoft Visual Studio Solution File, Format Version 12.00
Project("{2150E333-8FDC-42A3-9474-1A3956D46DE8}") = "docs", "docs", "{6A362CD2-C90B-4D83-BEBA-A0F0F76FC97C}"
	ProjectSection(SolutionItems) = preProject
		info.md = info.md
		LICENSE = LICENSE
		README.md = README.md
	EndProjectSection
EndProject
Project("{2150E333-8FDC-42A3-9474-1A3956D46DE8}") = "src", "src", "{827E0CD3-B72D-47B6-A68D-7590B98EB39B}"
EndProject
Project("{FAE04EC0-301F-11D3-BF4B-00C04F79EFBC}") = "HomeSmartLink.Domain", "src\HomeSmartLink.Domain\HomeSmartLink.Domain.csproj", "{148EA07F-13D1-45DC-952F-B819F2E10E89}"
EndProject
Project("{FAE04EC0-301F-11D3-BF4B-00C04F79EFBC}") = "HomeSmartLink.Application", "src\HomeSmartLink.Application\HomeSmartLink.Application.csproj", "{C29DD526-7D9B-43FA-B3ED-B1E559AF737E}"
EndProject
Project("{FAE04EC0-301F-11D3-BF4B-00C04F79EFBC}") = "HomeSmartLink.Infrastructure", "src\HomeSmartLink.Infrastructure\HomeSmartLink.Infrastructure.csproj", "{BE9E122A-E399-4A5C-8A8B-E393A613D521}"
EndProject
Project("{2150E333-8FDC-42A3-9474-1A3956D46DE8}") = "HomeSmartLink.Web", "HomeSmartLink.Web", "{F3866A2B-2772-FB1F-9FF8-16095A03DFB6}"
EndProject
Project("{FAE04EC0-301F-11D3-BF4B-00C04F79EFBC}") = "HomeSmartLink.Web", "src\HomeSmartLink.Web\HomeSmartLink.Web\HomeSmartLink.Web.csproj", "{7C5848D7-F7DE-41CB-B606-606258D5CDA3}"
EndProject
Project("{2150E333-8FDC-42A3-9474-1A3956D46DE8}") = "tests", "tests", "{0AB3BF05-4346-4AA6-1389-037BE0695223}"
EndProject
Project("{FAE04EC0-301F-11D3-BF4B-00C04F79EFBC}") = "HomeSmartLink.Tests", "tests\HomeSmartLink.Tests\HomeSmartLink.Tests.csproj", "{6F17F7DC-3F99-46C4-8F98-E562F9E6CF88}"
EndProject
Project("{FAE04EC0-301F-11D3-BF4B-00C04F79EFBC}") = "HomeSmartLink.Mobile", "src\HomeSmartLink.Mobile\HomeSmartLink.Mobile.csproj", "{83F6A0E9-80E5-45B0-8A27-26FF1A4C0E0E}"
EndProject
Global
	GlobalSection(SolutionConfigurationPlatforms) = preSolution
		Debug|Any CPU = Debug|Any CPU
		Debug|x64 = Debug|x64
		Debug|x86 = Debug|x86
		Release|Any CPU = Release|Any CPU
		Release|x64 = Release|x64
		Release|x86 = Release|x86
	EndGlobalSection
	GlobalSection(ProjectConfigurationPlatforms) = postSolution
		{148EA07F-13D1-45DC-952F-B819F2E10E89}.Debug|Any CPU.ActiveCfg = Debug|Any CPU
		{148EA07F-13D1-45DC-952F-B819F2E10E89}.Debug|Any CPU.Build.0 = Debug|Any CPU
		{148EA07F-13D1-45DC-952F-B819F2E10E89}.Debug|x64.ActiveCfg = Debug|Any CPU
		{148EA07F-13D1-45DC-952F-B819F2E10E89}.Debug|x64.Build.0 = Debug|Any CPU
		{148EA07F-13D1-45DC-952F-B819F2E10E89}.Debug|x86.ActiveCfg = Debug|Any CPU
		{148EA07F-13D1-45DC-952F-B819F2E10E89}.Debug|x86.Build.0 = Debug|Any CPU
		{148EA07F-13D1-45DC-952F-B819F2E10E89}.Release|Any CPU.ActiveCfg = Release|Any CPU
		{148EA07F-13D1-45DC-952F-B819F2E10E89}.Release|Any CPU.Build.0 = Release|Any CPU
		{148EA07F-13D1-45DC-952F-B819F2E10E89}.Release|x64.ActiveCfg = Release|Any CPU
		{148EA07F-13D1-45DC-952F-B819F2E10E89}.Release|x64.Build.0 = Release|Any CPU
		{148EA07F-13D1-45DC-952F-B819F2E10E89}.Release|x86.ActiveCfg = Release|Any CPU
		{148EA07F-13D1-45DC-952F-B819F2E10E89}.Release|x86.Build.0 = Release|Any CPU
		{C29DD526-7D9B-43FA-B3ED-B1E559AF737E}.Debug|Any CPU.ActiveCfg = Debug|Any CPU
		{C29DD526-7D9B-43FA-B3ED-B1E559AF737E}.Debug|Any CPU.Build.0 = Debug|Any CPU
		{C29DD526-7D9B-43FA-B3ED-B1E559AF737E}.Debug|x64.ActiveCfg = Debug|Any CPU
		{C29DD526-7D9B-43FA-B3ED-B1E559AF737E}.Debug|x64.Build.0 = Debug|Any CPU
		{C29DD526-7D9B-43FA-B3ED-B1E559AF737E}.Debug|x86.ActiveCfg = Debug|Any CPU
		{C29DD526-7D9B-43FA-B3ED-B1E559AF737E}.Debug|x86.Build.0 = Debug|Any CPU
		{C29DD526-7D9B-43FA-B3ED-B1E559AF737E}.Release|Any CPU.ActiveCfg = Release|Any CPU
		{C29DD526-7D9B-43FA-B3ED-B1E559AF737E}.Release|Any CPU.Build.0 = Release|Any CPU
		{C29DD526-7D9B-43FA-B3ED-B1E559AF737E}.Release|x64.ActiveCfg = Release|Any CPU
		{C29DD526-7D9B-43FA-B3ED-B1E559AF737E}.Release|x64.Build.0 = Release|Any CPU
		{C29DD526-7D9B-43FA-B3ED-B1E559AF737E}.Release|x86.ActiveCfg = Release|Any CPU
		{C29DD526-7D9B-43FA-B3ED-B1E559AF737E}.Release|x86.Build.0 = Release|Any CPU
		{BE9E122A-E399-4A5C-8A8B-E393A613D521}.Debug|Any CPU.ActiveCfg = Debug|Any CPU
		{BE9E122A-E399-4A5C-8A8B-E393A613D521}.Debug|Any CPU.Build.0 = Debug|Any CPU
		{BE9E122A-E399-4A5C-8A8B-E393A613D521}.Debug|x64.ActiveCfg = Debug|Any CPU
		{BE9E122A-E399-4A5C-8A8B-E393A613D521}.Debug|x64.Build.0 = Debug|Any CPU
		{BE9E122A-E399-4A5C-8A8B-E393A613D521}.Debug|x86.ActiveCfg = Debug|Any CPU
		{BE9E122A-E399-4A5C-8A8B-E393A613D521}.Debug|x86.Build.0 = Debug|Any CPU
		{BE9E122A-E399-4A5C-8A8B-E393A613D521}.Release|Any CPU.ActiveCfg = Release|Any CPU
		{BE9E122A-E399-4A5C-8A8B-E393A613D521}.Release|Any CPU.Build.0 = Release|Any CPU
		{BE9E122A-E399-4A5C-8A8B-E393A613D521}.Release|x64.ActiveCfg = Release|Any CPU
		{BE9E122A-E399-4A5C-8A8B-E393A613D521}.Release|x64.Build.0 = Release|Any CPU
		{BE9E122A-E399-4A5C-8A8B-E393A613D521}.Release|x86.ActiveCfg = Release|Any CPU
		{BE9E122A-E399-4A5C-8A8B-E393A613D521}.Release|x86.Build.0 = Release|Any CPU
		{7C5848D7-F7DE-41CB-B606-606258D5CDA3}.Debug|Any CPU.ActiveCfg = Debug|Any CPU
		{7C5848D7-F7DE-41CB-B606-606258D5CDA3}.Debug|Any CPU.Build.0 = Debug|Any CPU
		{7C5848D7-F7DE-41CB-B606-606258D5CDA3}.Debug|x64.ActiveCfg = Debug|Any CPU
		{7C5848D7-F7DE-41CB-B606-606258D5CDA3}.Debug|x64.Build.0 = Debug|Any CPU
		{7C5848D7-F7DE-41CB-B606-606258D5CDA3}.Debug|x86.ActiveCfg = Debug|Any CPU
		{7C5848D7-F7DE-41CB-B606-606258D5CDA3}.Debug|x86.Build.0 = Debug|Any CPU
		{7C5848D7-F7DE-41CB-B606-606258D5CDA3}.Release|Any CPU.ActiveCfg = Release|Any CPU
		{7C5848D7-F7DE-41CB-B606-606258D5CDA3}.Release|Any CPU.Build.0 = Release|Any CPU
		{7C5848D7-F7DE-41CB-B606-606258D5CDA3}.Release|x64.ActiveCfg = Release|Any CPU
		{7C5848D7-F7DE-41CB-B606-606258D5CDA3}.Release|x64.Build.0 = Release|Any CPU
		{7C5848D7-F7DE-41CB-B606-606258D5CDA3}.Release|x86.ActiveCfg = Release|Any CPU
		{7C5848D7-F7DE-41CB-B606-606258D5CDA3}.Release|x86.Build.0 = Release|Any CPU
		{6F17F7DC-3F99-46C4-8F98-E562F9E6CF88}.Debug|Any CPU.ActiveCfg = Debug|Any CPU
		{6F17F7DC-3F99-46C4-8F98-E562F9E6CF88}.Debug|Any CPU.Build.0 = Debug|Any CPU
		{6F17F7DC-3F99-46C4-8F98-E562F9E6CF88}.Debug|x64.ActiveCfg = Debug|Any CPU
		{6F17F7DC-3F99-46C4-8F98-E562F9E6CF88}.Debug|x64.Build.0 = Debug|Any CPU
		{6F17F7DC-3F99-46C4-8F98-E562F9E6CF88}.Debug|x86.ActiveCfg = Debug|Any CPU
		{6F17F7DC-3F99-46C4-8F98-E562F9E6CF88}.Debug|x86.Build.0 = Debug|Any CPU
		{6F17F7DC-3F99-46C4-8F98-E562F9E6CF88}.Release|Any CPU.ActiveCfg = Release|Any CPU
		{6F17F7DC-3F99-46C4-8F98-E562F9E6CF88}.Release|Any CPU.Build.0 = Release|Any CPU
		{6F17F7DC-3F99-46C4-8F98-E562F9E6CF88}.Release|x64.ActiveCfg = Release|Any CPU
		{6F17F7DC-3F99-46C4-8F98-E562F9E6CF88}.Release|x64.Build.0 = Release|Any CPU
		{6F17F7DC-3F99-46C4-8F98-E562F9E6CF88}.Release|x86.ActiveCfg = Release|Any CPU
		{6F17F7DC-3F99-46C4-8F98-E562F9E6CF88}.Release|x86.Build.0 = Release|Any CPU
		{83F6A0E9-80E5-45B0-8A27-26FF1A4C0E0E}.Debug|Any CPU.ActiveCfg = Debug|Any CPU
		{83F6A0E9-80E5-45B0-8A27-26FF1A4C0E0E}.Debug|Any CPU.Build.0 = Debug|Any CPU
		{83F6A0E9-80E5-45B0-8A27-26FF1A4C0E0E}.Debug|x64.ActiveCfg = Debug|Any CPU
		{83F6A0E9-80E5-45B0-8A27-26FF1A4C0E0E}.Debug|x64.Build.0 = Debug|Any CPU
		{83F6A0E9-80E5-45B0-8A27-26FF1A4C0E0E}.Debug|x86.ActiveCfg = Debug|Any CPU
		{83F6A0E9-80E5-45B0-8A27-26FF1A4C0E0E}.Debug|x86.Build.0 = Debug|Any CPU
		{83F6A0E9-80E5-45B0-8A27-26FF1A4C0E0E}.Release|Any CPU.ActiveCfg = Release|Any CPU
		{83F6A0E9-80E5-45B0-8A27-26FF1A4C0E0E}.Release|Any CPU.Build.0 = Release|Any CPU
		{83F6A0E9-80E5-45B0-8A27-26FF1A4C0E0E}.Release|x64.ActiveCfg = Release|Any CPU
		{83F6A0E9-80E5-45B0-8A27-26FF1A4C0E0E}.Release|x64.Build.0 = Release|Any CPU
		{83F6A0E9-80E5-45B0-8A27-26FF1A4C0E0E}.Release|x86.ActiveCfg = Release|Any CPU
		{83F6A0E9-80E5-45B0-8A27-26FF1A4C0E0E}.Release|x86.Build.0 = Release|Any CPU
	EndGlobalSection
	GlobalSection(SolutionProperties) = preSolution
		HideSolutionNode = FALSE
	EndGlobalSection
	GlobalSection(NestedProjects) = preSolution
		{148EA07F-13D1-45DC-952F-B819F2E10E89} = {827E0CD3-B72D-47B6-A68D-7590B98EB39B}
		{C29DD526-7D9B-43FA-B3ED-B1E559AF737E} = {827E0CD3-B72D-47B6-A68D-7590B98EB39B}
		{BE9E122A-E399-4A5C-8A8B-E393A613D521} = {827E0CD3-B72D-47B6-A68D-7590B98EB39B}
		{F3866A2B-2772-FB1F-9FF8-16095A03DFB6} = {827E0CD3-B72D-47B6-A68D-7590B98EB39B}
		{7C5848D7-F7DE-41CB-B606-606258D5CDA3} = {F3866A2B-2772-FB1F-9FF8-16095A03DFB6}
		{6F17F7DC-3F99-46C4-8F98-E562F9E6CF88} = {0AB3BF05-4346-4AA6-1389-037BE0695223}
		{83F6A0E9-80E5-45B0-8A27-26FF1A4C0E0E} = {827E0CD3-B72D-47B6-A68D-7590B98EB39B}
	EndGlobalSection
EndGlobal
